
Microsoft Visual Studio Solution File, Format Version 12.00
# Visual Studio 15
VisualStudioVersion = 15.0.27130.0
MinimumVisualStudioVersion = 10.0.40219.1
Project("{FAE04EC0-301F-11D3-BF4B-00C04F79EFBC}") = "PedidoCRUD", "PedidoCRUD.csproj", "{D64CFD33-6B8D-416B-BB6A-2E969BF03347}"
EndProject
Global
	GlobalSection(SolutionConfigurationPlatforms) = preSolution
		Debug|Any CPU = Debug|Any CPU
		Release|Any CPU = Release|Any CPU
	EndGlobalSection
	GlobalSection(ProjectConfigurationPlatforms) = postSolution
		{D64CFD33-6B8D-416B-BB6A-2E969BF03347}.Debug|Any CPU.ActiveCfg = Debug|Any CPU
		{D64CFD33-6B8D-416B-BB6A-2E969BF03347}.Debug|Any CPU.Build.0 = Debug|Any CPU
		{D64CFD33-6B8D-416B-BB6A-2E969BF03347}.Release|Any CPU.ActiveCfg = Release|Any CPU
		{D64CFD33-6B8D-416B-BB6A-2E969BF03347}.Release|Any CPU.Build.0 = Release|Any CPU
	EndGlobalSection
	GlobalSection(SolutionProperties) = preSolution
		HideSolutionNode = FALSE
	EndGlobalSection
	GlobalSection(ExtensibilityGlobals) = postSolution
		SolutionGuid = {1878DE6F-5997-4FBF-92BE-30E6BC605217}
	EndGlobalSection
EndGlobal
